
Microsoft Visual Studio Solution File, Format Version 12.00
# Visual Studio 15
VisualStudioVersion = 15.0.28010.2046
MinimumVisualStudioVersion = 10.0.40219.1
Project("{FAE04EC0-301F-11D3-BF4B-00C04F79EFBC}") = "Lab8", "Lab8\Lab8.csproj", "{F4C7F137-6B03-4BC4-BB90-2B35FD1E1EB8}"
EndProject
Project("{FAE04EC0-301F-11D3-BF4B-00C04F79EFBC}") = "Lab8Tests", "Lab8Tests\Lab8Tests.csproj", "{8EC0FE3E-8411-401A-BB1F-929119B27C45}"
EndProject
Global
	GlobalSection(SolutionConfigurationPlatforms) = preSolution
		Debug|Any CPU = Debug|Any CPU
		Release|Any CPU = Release|Any CPU
	EndGlobalSection
	GlobalSection(ProjectConfigurationPlatforms) = postSolution
		{F4C7F137-6B03-4BC4-BB90-2B35FD1E1EB8}.Debug|Any CPU.ActiveCfg = Debug|Any CPU
		{F4C7F137-6B03-4BC4-BB90-2B35FD1E1EB8}.Debug|Any CPU.Build.0 = Debug|Any CPU
		{F4C7F137-6B03-4BC4-BB90-2B35FD1E1EB8}.Release|Any CPU.ActiveCfg = Release|Any CPU
		{F4C7F137-6B03-4BC4-BB90-2B35FD1E1EB8}.Release|Any CPU.Build.0 = Release|Any CPU
		{8EC0FE3E-8411-401A-BB1F-929119B27C45}.Debug|Any CPU.ActiveCfg = Debug|Any CPU
		{8EC0FE3E-8411-401A-BB1F-929119B27C45}.Debug|Any CPU.Build.0 = Debug|Any CPU
		{8EC0FE3E-8411-401A-BB1F-929119B27C45}.Release|Any CPU.ActiveCfg = Release|Any CPU
		{8EC0FE3E-8411-401A-BB1F-929119B27C45}.Release|Any CPU.Build.0 = Release|Any CPU
	EndGlobalSection
	GlobalSection(SolutionProperties) = preSolution
		HideSolutionNode = FALSE
	EndGlobalSection
	GlobalSection(ExtensibilityGlobals) = postSolution
		SolutionGuid = {BD85E1C5-EE8C-42C1-BF13-CA185C2FE913}
	EndGlobalSection
EndGlobal
